{
  "originHash" : "f5c4998d22d750d4d9c87376bc13d48b7c5d7d978991eda15e38ceb2647e29ad",
  "pins" : [
    {
      "identity" : "feedkit",
      "kind" : "remoteSourceControl",
      "location" : "https://github.com/nmdias/FeedKit.git",
      "state" : {
        "revision" : "68493a33d862c33c9a9f67ec729b3b7df1b20ade",
        "version" : "9.1.2"
      }
    },
    {
      "identity" : "grdb.swift",
      "kind" : "remoteSourceControl",
      "location" : "https://github.com/groue/GRDB.swift.git",
      "state" : {
        "revision" : "84d25dfc9dc1766feb8c80fb04b9f7e2337fb83e",
        "version" : "7.0.0-beta.6"
      }
    },
    {
      "identity" : "outcastid3",
      "kind" : "remoteSourceControl",
      "location" : "https://github.com/CrunchyBagel/OutcastID3.git",
      "state" : {
        "revision" : "5643eed68f457e7bbdd684136d5fd5ce5c42abd9",
        "version" : "0.7.1"
      }
    }
  ],
  "version" : 3
}
