// !$*UTF8*$!
{
	archiveVersion = 1;
	classes = {
	};
	objectVersion = 56;
	objects = {

/* Begin PBXBuildFile section */
		CE04DB8E2B0A870100A189DA /* HtmlView.swift in Sources */ = {isa = PBXBuildFile; fileRef = CE04DB8D2B0A870100A189DA /* HtmlView.swift */; };
		CE18F3882B094E8000FE509C /* Items.Fetch.swift in Sources */ = {isa = PBXBuildFile; fileRef = CE18F3872B094E8000FE509C /* Items.Fetch.swift */; };
		CE18F38A2B094EB700FE509C /* Helpers.swift in Sources */ = {isa = PBXBuildFile; fileRef = CE18F3892B094EB700FE509C /* Helpers.swift */; };
		CE18F38C2B09800C00FE509C /* FeedView.swift in Sources */ = {isa = PBXBuildFile; fileRef = CE18F38B2B09800C00FE509C /* FeedView.swift */; };
		CE5FA3522B0911650056DC70 /* ItemsView.swift in Sources */ = {isa = PBXBuildFile; fileRef = CE5FA3512B0911650056DC70 /* ItemsView.swift */; };
		CE5FA3552B09125D0056DC70 /* Item.swift in Sources */ = {isa = PBXBuildFile; fileRef = CE5FA3542B09125D0056DC70 /* Item.swift */; };
		CE5FA3572B091D8D0056DC70 /* Filter.swift in Sources */ = {isa = PBXBuildFile; fileRef = CE5FA3562B091D8D0056DC70 /* Filter.swift */; };
		CE5FA35B2B092C230056DC70 /* IconView.swift in Sources */ = {isa = PBXBuildFile; fileRef = CE5FA35A2B092C230056DC70 /* IconView.swift */; };
		CE64CE2C2B07EF32006C9DB9 /* ItemView.swift in Sources */ = {isa = PBXBuildFile; fileRef = CE64CE2B2B07EF32006C9DB9 /* ItemView.swift */; };
		CE64CE2E2B07EF4C006C9DB9 /* ContentView.swift in Sources */ = {isa = PBXBuildFile; fileRef = CE64CE2D2B07EF4C006C9DB9 /* ContentView.swift */; };
		CEDEC5CD2B0650F700D83636 /* RssApp.swift in Sources */ = {isa = PBXBuildFile; fileRef = CEDEC5CC2B0650F700D83636 /* RssApp.swift */; };
		CEDEC5D32B0650F800D83636 /* Assets.xcassets in Resources */ = {isa = PBXBuildFile; fileRef = CEDEC5D22B0650F800D83636 /* Assets.xcassets */; };
		CEDEC5DF2B065D7800D83636 /* Feed.swift in Sources */ = {isa = PBXBuildFile; fileRef = CEDEC5DE2B065D7800D83636 /* Feed.swift */; };
		CEDEC5E12B065DB200D83636 /* Feed.Fetch.swift in Sources */ = {isa = PBXBuildFile; fileRef = CEDEC5E02B065DB200D83636 /* Feed.Fetch.swift */; };
		CEDEC5E42B06707500D83636 /* FeedKit in Frameworks */ = {isa = PBXBuildFile; productRef = CEDEC5E32B06707500D83636 /* FeedKit */; };
		CEDEC5E62B067CA500D83636 /* style.css in Resources */ = {isa = PBXBuildFile; fileRef = CEDEC5E52B067CA500D83636 /* style.css */; };
		CEDEC5E82B06809000D83636 /* WebView.swift in Sources */ = {isa = PBXBuildFile; fileRef = CEDEC5E72B06809000D83636 /* WebView.swift */; };
		CEE41B412B0833C1005E0289 /* ImportView.swift in Sources */ = {isa = PBXBuildFile; fileRef = CEE41B402B0833C1005E0289 /* ImportView.swift */; };
/* End PBXBuildFile section */

/* Begin PBXFileReference section */
		CE04DB8D2B0A870100A189DA /* HtmlView.swift */ = {isa = PBXFileReference; lastKnownFileType = sourcecode.swift; path = HtmlView.swift; sourceTree = "<group>"; };
		CE18F3872B094E8000FE509C /* Items.Fetch.swift */ = {isa = PBXFileReference; lastKnownFileType = sourcecode.swift; path = Items.Fetch.swift; sourceTree = "<group>"; };
		CE18F3892B094EB700FE509C /* Helpers.swift */ = {isa = PBXFileReference; lastKnownFileType = sourcecode.swift; path = Helpers.swift; sourceTree = "<group>"; };
		CE18F38B2B09800C00FE509C /* FeedView.swift */ = {isa = PBXFileReference; lastKnownFileType = sourcecode.swift; path = FeedView.swift; sourceTree = "<group>"; };
		CE5FA3512B0911650056DC70 /* ItemsView.swift */ = {isa = PBXFileReference; lastKnownFileType = sourcecode.swift; path = ItemsView.swift; sourceTree = "<group>"; };
		CE5FA3542B09125D0056DC70 /* Item.swift */ = {isa = PBXFileReference; lastKnownFileType = sourcecode.swift; path = Item.swift; sourceTree = "<group>"; };
		CE5FA3562B091D8D0056DC70 /* Filter.swift */ = {isa = PBXFileReference; lastKnownFileType = sourcecode.swift; path = Filter.swift; sourceTree = "<group>"; };
		CE5FA35A2B092C230056DC70 /* IconView.swift */ = {isa = PBXFileReference; lastKnownFileType = sourcecode.swift; path = IconView.swift; sourceTree = "<group>"; };
		CE64CE2B2B07EF32006C9DB9 /* ItemView.swift */ = {isa = PBXFileReference; lastKnownFileType = sourcecode.swift; path = ItemView.swift; sourceTree = "<group>"; };
		CE64CE2D2B07EF4C006C9DB9 /* ContentView.swift */ = {isa = PBXFileReference; lastKnownFileType = sourcecode.swift; path = ContentView.swift; sourceTree = "<group>"; };
		CEDEC5C92B0650F700D83636 /* Rss.app */ = {isa = PBXFileReference; explicitFileType = wrapper.application; includeInIndex = 0; path = Rss.app; sourceTree = BUILT_PRODUCTS_DIR; };
		CEDEC5CC2B0650F700D83636 /* RssApp.swift */ = {isa = PBXFileReference; lastKnownFileType = sourcecode.swift; path = RssApp.swift; sourceTree = "<group>"; };
		CEDEC5D22B0650F800D83636 /* Assets.xcassets */ = {isa = PBXFileReference; lastKnownFileType = folder.assetcatalog; path = Assets.xcassets; sourceTree = "<group>"; };
		CEDEC5D42B0650F800D83636 /* Rss.entitlements */ = {isa = PBXFileReference; lastKnownFileType = text.plist.entitlements; path = Rss.entitlements; sourceTree = "<group>"; };
		CEDEC5DD2B06520E00D83636 /* FeedKit */ = {isa = PBXFileReference; lastKnownFileType = wrapper; name = FeedKit; path = ../../nmdias/FeedKit; sourceTree = "<group>"; };
		CEDEC5DE2B065D7800D83636 /* Feed.swift */ = {isa = PBXFileReference; lastKnownFileType = sourcecode.swift; path = Feed.swift; sourceTree = "<group>"; };
		CEDEC5E02B065DB200D83636 /* Feed.Fetch.swift */ = {isa = PBXFileReference; lastKnownFileType = sourcecode.swift; path = Feed.Fetch.swift; sourceTree = "<group>"; };
		CEDEC5E52B067CA500D83636 /* style.css */ = {isa = PBXFileReference; lastKnownFileType = text.css; path = style.css; sourceTree = "<group>"; };
		CEDEC5E72B06809000D83636 /* WebView.swift */ = {isa = PBXFileReference; lastKnownFileType = sourcecode.swift; path = WebView.swift; sourceTree = "<group>"; };
		CEE41B402B0833C1005E0289 /* ImportView.swift */ = {isa = PBXFileReference; lastKnownFileType = sourcecode.swift; path = ImportView.swift; sourceTree = "<group>"; };
/* End PBXFileReference section */

/* Begin PBXFrameworksBuildPhase section */
		CEDEC5C62B0650F700D83636 /* Frameworks */ = {
			isa = PBXFrameworksBuildPhase;
			buildActionMask = 2147483647;
			files = (
				CEDEC5E42B06707500D83636 /* FeedKit in Frameworks */,
			);
			runOnlyForDeploymentPostprocessing = 0;
		};
/* End PBXFrameworksBuildPhase section */

/* Begin PBXGroup section */
		CE18F3862B094B8600FE509C /* Support */ = {
			isa = PBXGroup;
			children = (
				CEDEC5D22B0650F800D83636 /* Assets.xcassets */,
				CEDEC5D42B0650F800D83636 /* Rss.entitlements */,
				CEDEC5E52B067CA500D83636 /* style.css */,
			);
			path = Support;
			sourceTree = "<group>";
		};
		CE5FA3532B0911F50056DC70 /* Data */ = {
			isa = PBXGroup;
			children = (
				CEDEC5DE2B065D7800D83636 /* Feed.swift */,
				CEDEC5E02B065DB200D83636 /* Feed.Fetch.swift */,
				CE5FA3542B09125D0056DC70 /* Item.swift */,
				CE18F3872B094E8000FE509C /* Items.Fetch.swift */,
				CE5FA3562B091D8D0056DC70 /* Filter.swift */,
				CE18F3892B094EB700FE509C /* Helpers.swift */,
			);
			path = Data;
			sourceTree = "<group>";
		};
		CE64CE282B07EEB0006C9DB9 /* Views */ = {
			isa = PBXGroup;
			children = (
				CEDEC5CC2B0650F700D83636 /* RssApp.swift */,
				CE5FA35A2B092C230056DC70 /* IconView.swift */,
				CE64CE2D2B07EF4C006C9DB9 /* ContentView.swift */,
				CE5FA3512B0911650056DC70 /* ItemsView.swift */,
				CE64CE2B2B07EF32006C9DB9 /* ItemView.swift */,
				CEE41B402B0833C1005E0289 /* ImportView.swift */,
				CEDEC5E72B06809000D83636 /* WebView.swift */,
				CE18F38B2B09800C00FE509C /* FeedView.swift */,
				CE04DB8D2B0A870100A189DA /* HtmlView.swift */,
			);
			path = Views;
			sourceTree = "<group>";
		};
		CEDEC5C02B0650F700D83636 = {
			isa = PBXGroup;
			children = (
				CEDEC5DD2B06520E00D83636 /* FeedKit */,
				CEDEC5CB2B0650F700D83636 /* Rss */,
				CEDEC5CA2B0650F700D83636 /* Products */,
				CEDEC5E22B06707500D83636 /* Frameworks */,
			);
			sourceTree = "<group>";
		};
		CEDEC5CA2B0650F700D83636 /* Products */ = {
			isa = PBXGroup;
			children = (
				CEDEC5C92B0650F700D83636 /* Rss.app */,
			);
			name = Products;
			sourceTree = "<group>";
		};
		CEDEC5CB2B0650F700D83636 /* Rss */ = {
			isa = PBXGroup;
			children = (
				CE5FA3532B0911F50056DC70 /* Data */,
				CE64CE282B07EEB0006C9DB9 /* Views */,
				CE18F3862B094B8600FE509C /* Support */,
			);
			path = Rss;
			sourceTree = "<group>";
		};
		CEDEC5E22B06707500D83636 /* Frameworks */ = {
			isa = PBXGroup;
			children = (
			);
			name = Frameworks;
			sourceTree = "<group>";
		};
/* End PBXGroup section */

/* Begin PBXNativeTarget section */
		CEDEC5C82B0650F700D83636 /* Rss */ = {
			isa = PBXNativeTarget;
			buildConfigurationList = CEDEC5DA2B0650F800D83636 /* Build configuration list for PBXNativeTarget "Rss" */;
			buildPhases = (
				CEDEC5C52B0650F700D83636 /* Sources */,
				CEDEC5C62B0650F700D83636 /* Frameworks */,
				CEDEC5C72B0650F700D83636 /* Resources */,
			);
			buildRules = (
			);
			dependencies = (
			);
			name = Rss;
			packageProductDependencies = (
				CEDEC5E32B06707500D83636 /* FeedKit */,
			);
			productName = Rss;
			productReference = CEDEC5C92B0650F700D83636 /* Rss.app */;
			productType = "com.apple.product-type.application";
		};
/* End PBXNativeTarget section */

/* Begin PBXProject section */
		CEDEC5C12B0650F700D83636 /* Project object */ = {
			isa = PBXProject;
			attributes = {
				BuildIndependentTargetsInParallel = 1;
				LastSwiftUpdateCheck = 1500;
				LastUpgradeCheck = 1500;
				TargetAttributes = {
					CEDEC5C82B0650F700D83636 = {
						CreatedOnToolsVersion = 15.0;
					};
				};
			};
			buildConfigurationList = CEDEC5C42B0650F700D83636 /* Build configuration list for PBXProject "Rss" */;
			compatibilityVersion = "Xcode 14.0";
			developmentRegion = en;
			hasScannedForEncodings = 0;
			knownRegions = (
				en,
				Base,
			);
			mainGroup = CEDEC5C02B0650F700D83636;
			packageReferences = (
			);
			productRefGroup = CEDEC5CA2B0650F700D83636 /* Products */;
			projectDirPath = "";
			projectRoot = "";
			targets = (
				CEDEC5C82B0650F700D83636 /* Rss */,
			);
		};
/* End PBXProject section */

/* Begin PBXResourcesBuildPhase section */
		CEDEC5C72B0650F700D83636 /* Resources */ = {
			isa = PBXResourcesBuildPhase;
			buildActionMask = 2147483647;
			files = (
				CEDEC5D32B0650F800D83636 /* Assets.xcassets in Resources */,
				CEDEC5E62B067CA500D83636 /* style.css in Resources */,
			);
			runOnlyForDeploymentPostprocessing = 0;
		};
/* End PBXResourcesBuildPhase section */

/* Begin PBXSourcesBuildPhase section */
		CEDEC5C52B0650F700D83636 /* Sources */ = {
			isa = PBXSourcesBuildPhase;
			buildActionMask = 2147483647;
			files = (
				CE18F38C2B09800C00FE509C /* FeedView.swift in Sources */,
				CE5FA3552B09125D0056DC70 /* Item.swift in Sources */,
				CE18F38A2B094EB700FE509C /* Helpers.swift in Sources */,
				CE5FA35B2B092C230056DC70 /* IconView.swift in Sources */,
				CE5FA3572B091D8D0056DC70 /* Filter.swift in Sources */,
				CE5FA3522B0911650056DC70 /* ItemsView.swift in Sources */,
				CEE41B412B0833C1005E0289 /* ImportView.swift in Sources */,
				CE04DB8E2B0A870100A189DA /* HtmlView.swift in Sources */,
				CE64CE2C2B07EF32006C9DB9 /* ItemView.swift in Sources */,
				CE64CE2E2B07EF4C006C9DB9 /* ContentView.swift in Sources */,
				CE18F3882B094E8000FE509C /* Items.Fetch.swift in Sources */,
				CEDEC5E12B065DB200D83636 /* Feed.Fetch.swift in Sources */,
				CEDEC5E82B06809000D83636 /* WebView.swift in Sources */,
				CEDEC5CD2B0650F700D83636 /* RssApp.swift in Sources */,
				CEDEC5DF2B065D7800D83636 /* Feed.swift in Sources */,
			);
			runOnlyForDeploymentPostprocessing = 0;
		};
/* End PBXSourcesBuildPhase section */

/* Begin XCBuildConfiguration section */
		CEDEC5D82B0650F800D83636 /* Debug */ = {
			isa = XCBuildConfiguration;
			buildSettings = {
				ALWAYS_SEARCH_USER_PATHS = NO;
				ASSETCATALOG_COMPILER_GENERATE_SWIFT_ASSET_SYMBOL_EXTENSIONS = YES;
				CLANG_ANALYZER_NONNULL = YES;
				CLANG_ANALYZER_NUMBER_OBJECT_CONVERSION = YES_AGGRESSIVE;
				CLANG_CXX_LANGUAGE_STANDARD = "gnu++20";
				CLANG_ENABLE_MODULES = YES;
				CLANG_ENABLE_OBJC_ARC = YES;
				CLANG_ENABLE_OBJC_WEAK = YES;
				CLANG_WARN_BLOCK_CAPTURE_AUTORELEASING = YES;
				CLANG_WARN_BOOL_CONVERSION = YES;
				CLANG_WARN_COMMA = YES;
				CLANG_WARN_CONSTANT_CONVERSION = YES;
				CLANG_WARN_DEPRECATED_OBJC_IMPLEMENTATIONS = YES;
				CLANG_WARN_DIRECT_OBJC_ISA_USAGE = YES_ERROR;
				CLANG_WARN_DOCUMENTATION_COMMENTS = YES;
				CLANG_WARN_EMPTY_BODY = YES;
				CLANG_WARN_ENUM_CONVERSION = YES;
				CLANG_WARN_INFINITE_RECURSION = YES;
				CLANG_WARN_INT_CONVERSION = YES;
				CLANG_WARN_NON_LITERAL_NULL_CONVERSION = YES;
				CLANG_WARN_OBJC_IMPLICIT_RETAIN_SELF = YES;
				CLANG_WARN_OBJC_LITERAL_CONVERSION = YES;
				CLANG_WARN_OBJC_ROOT_CLASS = YES_ERROR;
				CLANG_WARN_QUOTED_INCLUDE_IN_FRAMEWORK_HEADER = YES;
				CLANG_WARN_RANGE_LOOP_ANALYSIS = YES;
				CLANG_WARN_STRICT_PROTOTYPES = YES;
				CLANG_WARN_SUSPICIOUS_MOVE = YES;
				CLANG_WARN_UNGUARDED_AVAILABILITY = YES_AGGRESSIVE;
				CLANG_WARN_UNREACHABLE_CODE = YES;
				CLANG_WARN__DUPLICATE_METHOD_MATCH = YES;
				COPY_PHASE_STRIP = NO;
				DEBUG_INFORMATION_FORMAT = dwarf;
				ENABLE_STRICT_OBJC_MSGSEND = YES;
				ENABLE_TESTABILITY = YES;
				ENABLE_USER_SCRIPT_SANDBOXING = YES;
				GCC_C_LANGUAGE_STANDARD = gnu17;
				GCC_DYNAMIC_NO_PIC = NO;
				GCC_NO_COMMON_BLOCKS = YES;
				GCC_OPTIMIZATION_LEVEL = 0;
				GCC_PREPROCESSOR_DEFINITIONS = (
					"DEBUG=1",
					"$(inherited)",
				);
				GCC_WARN_64_TO_32_BIT_CONVERSION = YES;
				GCC_WARN_ABOUT_RETURN_TYPE = YES_ERROR;
				GCC_WARN_UNDECLARED_SELECTOR = YES;
				GCC_WARN_UNINITIALIZED_AUTOS = YES_AGGRESSIVE;
				GCC_WARN_UNUSED_FUNCTION = YES;
				GCC_WARN_UNUSED_VARIABLE = YES;
				LOCALIZATION_PREFERS_STRING_CATALOGS = YES;
				MTL_ENABLE_DEBUG_INFO = INCLUDE_SOURCE;
				MTL_FAST_MATH = YES;
				ONLY_ACTIVE_ARCH = YES;
				SWIFT_ACTIVE_COMPILATION_CONDITIONS = "DEBUG $(inherited)";
				SWIFT_OPTIMIZATION_LEVEL = "-Onone";
			};
			name = Debug;
		};
		CEDEC5D92B0650F800D83636 /* Release */ = {
			isa = XCBuildConfiguration;
			buildSettings = {
				ALWAYS_SEARCH_USER_PATHS = NO;
				ASSETCATALOG_COMPILER_GENERATE_SWIFT_ASSET_SYMBOL_EXTENSIONS = YES;
				CLANG_ANALYZER_NONNULL = YES;
				CLANG_ANALYZER_NUMBER_OBJECT_CONVERSION = YES_AGGRESSIVE;
				CLANG_CXX_LANGUAGE_STANDARD = "gnu++20";
				CLANG_ENABLE_MODULES = YES;
				CLANG_ENABLE_OBJC_ARC = YES;
				CLANG_ENABLE_OBJC_WEAK = YES;
				CLANG_WARN_BLOCK_CAPTURE_AUTORELEASING = YES;
				CLANG_WARN_BOOL_CONVERSION = YES;
				CLANG_WARN_COMMA = YES;
				CLANG_WARN_CONSTANT_CONVERSION = YES;
				CLANG_WARN_DEPRECATED_OBJC_IMPLEMENTATIONS = YES;
				CLANG_WARN_DIRECT_OBJC_ISA_USAGE = YES_ERROR;
				CLANG_WARN_DOCUMENTATION_COMMENTS = YES;
				CLANG_WARN_EMPTY_BODY = YES;
				CLANG_WARN_ENUM_CONVERSION = YES;
				CLANG_WARN_INFINITE_RECURSION = YES;
				CLANG_WARN_INT_CONVERSION = YES;
				CLANG_WARN_NON_LITERAL_NULL_CONVERSION = YES;
				CLANG_WARN_OBJC_IMPLICIT_RETAIN_SELF = YES;
				CLANG_WARN_OBJC_LITERAL_CONVERSION = YES;
				CLANG_WARN_OBJC_ROOT_CLASS = YES_ERROR;
				CLANG_WARN_QUOTED_INCLUDE_IN_FRAMEWORK_HEADER = YES;
				CLANG_WARN_RANGE_LOOP_ANALYSIS = YES;
				CLANG_WARN_STRICT_PROTOTYPES = YES;
				CLANG_WARN_SUSPICIOUS_MOVE = YES;
				CLANG_WARN_UNGUARDED_AVAILABILITY = YES_AGGRESSIVE;
				CLANG_WARN_UNREACHABLE_CODE = YES;
				CLANG_WARN__DUPLICATE_METHOD_MATCH = YES;
				COPY_PHASE_STRIP = NO;
				DEBUG_INFORMATION_FORMAT = "dwarf-with-dsym";
				ENABLE_NS_ASSERTIONS = NO;
				ENABLE_STRICT_OBJC_MSGSEND = YES;
				ENABLE_USER_SCRIPT_SANDBOXING = YES;
				GCC_C_LANGUAGE_STANDARD = gnu17;
				GCC_NO_COMMON_BLOCKS = YES;
				GCC_WARN_64_TO_32_BIT_CONVERSION = YES;
				GCC_WARN_ABOUT_RETURN_TYPE = YES_ERROR;
				GCC_WARN_UNDECLARED_SELECTOR = YES;
				GCC_WARN_UNINITIALIZED_AUTOS = YES_AGGRESSIVE;
				GCC_WARN_UNUSED_FUNCTION = YES;
				GCC_WARN_UNUSED_VARIABLE = YES;
				LOCALIZATION_PREFERS_STRING_CATALOGS = YES;
				MTL_ENABLE_DEBUG_INFO = NO;
				MTL_FAST_MATH = YES;
				SWIFT_COMPILATION_MODE = wholemodule;
			};
			name = Release;
		};
		CEDEC5DB2B0650F800D83636 /* Debug */ = {
			isa = XCBuildConfiguration;
			buildSettings = {
				ASSETCATALOG_COMPILER_APPICON_NAME = AppIcon;
				ASSETCATALOG_COMPILER_GLOBAL_ACCENT_COLOR_NAME = AccentColor;
				CODE_SIGN_ENTITLEMENTS = Rss/Support/Rss.entitlements;
				CODE_SIGN_STYLE = Automatic;
				CURRENT_PROJECT_VERSION = 1;
				DEVELOPMENT_TEAM = 4RW36ENH8U;
				ENABLE_HARDENED_RUNTIME = YES;
				ENABLE_PREVIEWS = YES;
				GENERATE_INFOPLIST_FILE = YES;
				"INFOPLIST_KEY_UIApplicationSceneManifest_Generation[sdk=iphoneos*]" = YES;
				"INFOPLIST_KEY_UIApplicationSceneManifest_Generation[sdk=iphonesimulator*]" = YES;
				"INFOPLIST_KEY_UIApplicationSupportsIndirectInputEvents[sdk=iphoneos*]" = YES;
				"INFOPLIST_KEY_UIApplicationSupportsIndirectInputEvents[sdk=iphonesimulator*]" = YES;
				"INFOPLIST_KEY_UILaunchScreen_Generation[sdk=iphoneos*]" = YES;
				"INFOPLIST_KEY_UILaunchScreen_Generation[sdk=iphonesimulator*]" = YES;
				"INFOPLIST_KEY_UIStatusBarStyle[sdk=iphoneos*]" = UIStatusBarStyleDefault;
				"INFOPLIST_KEY_UIStatusBarStyle[sdk=iphonesimulator*]" = UIStatusBarStyleDefault;
				INFOPLIST_KEY_UISupportedInterfaceOrientations_iPad = "UIInterfaceOrientationPortrait UIInterfaceOrientationPortraitUpsideDown UIInterfaceOrientationLandscapeLeft UIInterfaceOrientationLandscapeRight";
				INFOPLIST_KEY_UISupportedInterfaceOrientations_iPhone = "UIInterfaceOrientationPortrait UIInterfaceOrientationLandscapeLeft UIInterfaceOrientationLandscapeRight";
				IPHONEOS_DEPLOYMENT_TARGET = 17.0;
				LD_RUNPATH_SEARCH_PATHS = "@executable_path/Frameworks";
				"LD_RUNPATH_SEARCH_PATHS[sdk=macosx*]" = "@executable_path/../Frameworks";
				MACOSX_DEPLOYMENT_TARGET = 14.0;
				MARKETING_VERSION = 1.0;
				PRODUCT_BUNDLE_IDENTIFIER = com.levitatingpineapple.Rss;
				PRODUCT_NAME = "$(TARGET_NAME)";
				SDKROOT = auto;
				SUPPORTED_PLATFORMS = "iphoneos iphonesimulator macosx";
				SUPPORTS_MACCATALYST = NO;
				SUPPORTS_MAC_DESIGNED_FOR_IPHONE_IPAD = YES;
				SWIFT_EMIT_LOC_STRINGS = YES;
				SWIFT_VERSION = 5.0;
				TARGETED_DEVICE_FAMILY = "1,2";
			};
			name = Debug;
		};
		CEDEC5DC2B0650F800D83636 /* Release */ = {
			isa = XCBuildConfiguration;
			buildSettings = {
				ASSETCATALOG_COMPILER_APPICON_NAME = AppIcon;
				ASSETCATALOG_COMPILER_GLOBAL_ACCENT_COLOR_NAME = AccentColor;
				CODE_SIGN_ENTITLEMENTS = Rss/Support/Rss.entitlements;
				CODE_SIGN_STYLE = Automatic;
				CURRENT_PROJECT_VERSION = 1;
				DEVELOPMENT_TEAM = 4RW36ENH8U;
				ENABLE_HARDENED_RUNTIME = YES;
				ENABLE_PREVIEWS = YES;
				GENERATE_INFOPLIST_FILE = YES;
				"INFOPLIST_KEY_UIApplicationSceneManifest_Generation[sdk=iphoneos*]" = YES;
				"INFOPLIST_KEY_UIApplicationSceneManifest_Generation[sdk=iphonesimulator*]" = YES;
				"INFOPLIST_KEY_UIApplicationSupportsIndirectInputEvents[sdk=iphoneos*]" = YES;
				"INFOPLIST_KEY_UIApplicationSupportsIndirectInputEvents[sdk=iphonesimulator*]" = YES;
				"INFOPLIST_KEY_UILaunchScreen_Generation[sdk=iphoneos*]" = YES;
				"INFOPLIST_KEY_UILaunchScreen_Generation[sdk=iphonesimulator*]" = YES;
				"INFOPLIST_KEY_UIStatusBarStyle[sdk=iphoneos*]" = UIStatusBarStyleDefault;
				"INFOPLIST_KEY_UIStatusBarStyle[sdk=iphonesimulator*]" = UIStatusBarStyleDefault;
				INFOPLIST_KEY_UISupportedInterfaceOrientations_iPad = "UIInterfaceOrientationPortrait UIInterfaceOrientationPortraitUpsideDown UIInterfaceOrientationLandscapeLeft UIInterfaceOrientationLandscapeRight";
				INFOPLIST_KEY_UISupportedInterfaceOrientations_iPhone = "UIInterfaceOrientationPortrait UIInterfaceOrientationLandscapeLeft UIInterfaceOrientationLandscapeRight";
				IPHONEOS_DEPLOYMENT_TARGET = 17.0;
				LD_RUNPATH_SEARCH_PATHS = "@executable_path/Frameworks";
				"LD_RUNPATH_SEARCH_PATHS[sdk=macosx*]" = "@executable_path/../Frameworks";
				MACOSX_DEPLOYMENT_TARGET = 14.0;
				MARKETING_VERSION = 1.0;
				PRODUCT_BUNDLE_IDENTIFIER = com.levitatingpineapple.Rss;
				PRODUCT_NAME = "$(TARGET_NAME)";
				SDKROOT = auto;
				SUPPORTED_PLATFORMS = "iphoneos iphonesimulator macosx";
				SUPPORTS_MACCATALYST = NO;
				SUPPORTS_MAC_DESIGNED_FOR_IPHONE_IPAD = YES;
				SWIFT_EMIT_LOC_STRINGS = YES;
				SWIFT_VERSION = 5.0;
				TARGETED_DEVICE_FAMILY = "1,2";
			};
			name = Release;
		};
/* End XCBuildConfiguration section */

/* Begin XCConfigurationList section */
		CEDEC5C42B0650F700D83636 /* Build configuration list for PBXProject "Rss" */ = {
			isa = XCConfigurationList;
			buildConfigurations = (
				CEDEC5D82B0650F800D83636 /* Debug */,
				CEDEC5D92B0650F800D83636 /* Release */,
			);
			defaultConfigurationIsVisible = 0;
			defaultConfigurationName = Release;
		};
		CEDEC5DA2B0650F800D83636 /* Build configuration list for PBXNativeTarget "Rss" */ = {
			isa = XCConfigurationList;
			buildConfigurations = (
				CEDEC5DB2B0650F800D83636 /* Debug */,
				CEDEC5DC2B0650F800D83636 /* Release */,
			);
			defaultConfigurationIsVisible = 0;
			defaultConfigurationName = Release;
		};
/* End XCConfigurationList section */

/* Begin XCSwiftPackageProductDependency section */
		CEDEC5E32B06707500D83636 /* FeedKit */ = {
			isa = XCSwiftPackageProductDependency;
			productName = FeedKit;
		};
/* End XCSwiftPackageProductDependency section */
	};
	rootObject = CEDEC5C12B0650F700D83636 /* Project object */;
}
