{
  "originHash" : "e0f3366df235cb684cd2988e7862ae901ec4dabc8a2db92e90dcba6382be9036",
  "pins" : [
    {
      "identity" : "feedkit",
      "kind" : "remoteSourceControl",
      "location" : "https://github.com/nmdias/FeedKit.git",
      "state" : {
        "revision" : "68493a33d862c33c9a9f67ec729b3b7df1b20ade",
        "version" : "9.1.2"
      }
    },
    {
      "identity" : "grdb.swift",
      "kind" : "remoteSourceControl",
      "location" : "https://github.com/groue/GRDB.swift.git",
      "state" : {
        "revision" : "77b85bed259b7f107710a0b78c439b1c5839dc45",
        "version" : "6.26.0"
      }
    },
    {
      "identity" : "grdbquery",
      "kind" : "remoteSourceControl",
      "location" : "https://github.com/groue/GRDBQuery.git",
      "state" : {
        "revision" : "42fef11503d221229ec39201c08316b6930755b2",
        "version" : "0.8.0"
      }
    },
    {
      "identity" : "outcastid3",
      "kind" : "remoteSourceControl",
      "location" : "https://github.com/CrunchyBagel/OutcastID3.git",
      "state" : {
        "revision" : "5643eed68f457e7bbdd684136d5fd5ce5c42abd9",
        "version" : "0.7.1"
      }
    }
  ],
  "version" : 3
}
